
Microsoft Visual Studio Solution File, Format Version 12.00
# Visual Studio Version 16
VisualStudioVersion = 16.0.31321.278
MinimumVisualStudioVersion = 10.0.40219.1
Project("{FAE04EC0-301F-11D3-BF4B-00C04F79EFBC}") = "TiendaOnline", "TiendaOnline.csproj", "{E451B084-1494-4068-ACFE-67D5F2654639}"
EndProject
Project("{FAE04EC0-301F-11D3-BF4B-00C04F79EFBC}") = "TiendaOnline.Data", "..\TiendaOnline.Data\TiendaOnline.Data.csproj", "{871997CC-A685-4976-8F20-CF3359ED26FC}"
EndProject
Project("{FAE04EC0-301F-11D3-BF4B-00C04F79EFBC}") = "TiendaOnline.Models", "..\TiendaOnline.Models\TiendaOnline.Models.csproj", "{425BB8CA-28C3-4072-BEE8-375E2B19363F}"
EndProject
Project("{FAE04EC0-301F-11D3-BF4B-00C04F79EFBC}") = "TiendaOnline.Utilidades", "..\TiendaOnline.Utilidades\TiendaOnline.Utilidades.csproj", "{97BD0E72-C805-49CB-8AC2-6250E22018D6}"
EndProject
Global
	GlobalSection(SolutionConfigurationPlatforms) = preSolution
		Debug|Any CPU = Debug|Any CPU
		Release|Any CPU = Release|Any CPU
	EndGlobalSection
	GlobalSection(ProjectConfigurationPlatforms) = postSolution
		{E451B084-1494-4068-ACFE-67D5F2654639}.Debug|Any CPU.ActiveCfg = Debug|Any CPU
		{E451B084-1494-4068-ACFE-67D5F2654639}.Debug|Any CPU.Build.0 = Debug|Any CPU
		{E451B084-1494-4068-ACFE-67D5F2654639}.Release|Any CPU.ActiveCfg = Release|Any CPU
		{E451B084-1494-4068-ACFE-67D5F2654639}.Release|Any CPU.Build.0 = Release|Any CPU
		{871997CC-A685-4976-8F20-CF3359ED26FC}.Debug|Any CPU.ActiveCfg = Debug|Any CPU
		{871997CC-A685-4976-8F20-CF3359ED26FC}.Debug|Any CPU.Build.0 = Debug|Any CPU
		{871997CC-A685-4976-8F20-CF3359ED26FC}.Release|Any CPU.ActiveCfg = Release|Any CPU
		{871997CC-A685-4976-8F20-CF3359ED26FC}.Release|Any CPU.Build.0 = Release|Any CPU
		{425BB8CA-28C3-4072-BEE8-375E2B19363F}.Debug|Any CPU.ActiveCfg = Debug|Any CPU
		{425BB8CA-28C3-4072-BEE8-375E2B19363F}.Debug|Any CPU.Build.0 = Debug|Any CPU
		{425BB8CA-28C3-4072-BEE8-375E2B19363F}.Release|Any CPU.ActiveCfg = Release|Any CPU
		{425BB8CA-28C3-4072-BEE8-375E2B19363F}.Release|Any CPU.Build.0 = Release|Any CPU
		{97BD0E72-C805-49CB-8AC2-6250E22018D6}.Debug|Any CPU.ActiveCfg = Debug|Any CPU
		{97BD0E72-C805-49CB-8AC2-6250E22018D6}.Debug|Any CPU.Build.0 = Debug|Any CPU
		{97BD0E72-C805-49CB-8AC2-6250E22018D6}.Release|Any CPU.ActiveCfg = Release|Any CPU
		{97BD0E72-C805-49CB-8AC2-6250E22018D6}.Release|Any CPU.Build.0 = Release|Any CPU
	EndGlobalSection
	GlobalSection(SolutionProperties) = preSolution
		HideSolutionNode = FALSE
	EndGlobalSection
	GlobalSection(ExtensibilityGlobals) = postSolution
		SolutionGuid = {BC6FF5F2-19B6-4CAC-B8BF-C2959CFA4F6A}
	EndGlobalSection
EndGlobal
